
Microsoft Visual Studio Solution File, Format Version 12.00
# Visual Studio Version 17
VisualStudioVersion = 17.14.36717.8 d17.14
MinimumVisualStudioVersion = 10.0.40219.1
Project("{8BC9CEB8-8B4A-11D0-8D11-00A0C91BC942}") = "11.2BroCodeSwitchJCode", "11.2BroCodeSwitchJCode\11.2BroCodeSwitchJCode.vcxproj", "{F567CECC-00FF-4F7D-A17B-2A4F16161212}"
EndProject
Global
	GlobalSection(SolutionConfigurationPlatforms) = preSolution
		Debug|x64 = Debug|x64
		Debug|x86 = Debug|x86
		Release|x64 = Release|x64
		Release|x86 = Release|x86
	EndGlobalSection
	GlobalSection(ProjectConfigurationPlatforms) = postSolution
		{F567CECC-00FF-4F7D-A17B-2A4F16161212}.Debug|x64.ActiveCfg = Debug|x64
		{F567CECC-00FF-4F7D-A17B-2A4F16161212}.Debug|x64.Build.0 = Debug|x64
		{F567CECC-00FF-4F7D-A17B-2A4F16161212}.Debug|x86.ActiveCfg = Debug|Win32
		{F567CECC-00FF-4F7D-A17B-2A4F16161212}.Debug|x86.Build.0 = Debug|Win32
		{F567CECC-00FF-4F7D-A17B-2A4F16161212}.Release|x64.ActiveCfg = Release|x64
		{F567CECC-00FF-4F7D-A17B-2A4F16161212}.Release|x64.Build.0 = Release|x64
		{F567CECC-00FF-4F7D-A17B-2A4F16161212}.Release|x86.ActiveCfg = Release|Win32
		{F567CECC-00FF-4F7D-A17B-2A4F16161212}.Release|x86.Build.0 = Release|Win32
	EndGlobalSection
	GlobalSection(SolutionProperties) = preSolution
		HideSolutionNode = FALSE
	EndGlobalSection
	GlobalSection(ExtensibilityGlobals) = postSolution
		SolutionGuid = {A3DE03FC-9B94-44FD-9685-898704FD49E2}
	EndGlobalSection
EndGlobal
